
Microsoft Visual Studio Solution File, Format Version 12.00
# Visual Studio Version 17
VisualStudioVersion = 17.0.31912.275
MinimumVisualStudioVersion = 10.0.40219.1
Project("{9A19103F-16F7-4668-BE54-9A1E7A4F7556}") = "SpaceShipExam", "SpaceShipExam\SpaceShipExam.csproj", "{F01E0122-2810-4519-B7DE-743D2A51BF94}"
EndProject
Project("{FAE04EC0-301F-11D3-BF4B-00C04F79EFBC}") = "SpaceShipExam.Tests", "SpaceShipExam.Tests\SpaceShipExam.Tests.csproj", "{52C075C3-4064-4D81-A3F2-FA438304226D}"
EndProject
Global
	GlobalSection(SolutionConfigurationPlatforms) = preSolution
		Debug|Any CPU = Debug|Any CPU
		Release|Any CPU = Release|Any CPU
	EndGlobalSection
	GlobalSection(ProjectConfigurationPlatforms) = postSolution
		{F01E0122-2810-4519-B7DE-743D2A51BF94}.Debug|Any CPU.ActiveCfg = Debug|Any CPU
		{F01E0122-2810-4519-B7DE-743D2A51BF94}.Debug|Any CPU.Build.0 = Debug|Any CPU
		{F01E0122-2810-4519-B7DE-743D2A51BF94}.Release|Any CPU.ActiveCfg = Release|Any CPU
		{F01E0122-2810-4519-B7DE-743D2A51BF94}.Release|Any CPU.Build.0 = Release|Any CPU
		{52C075C3-4064-4D81-A3F2-FA438304226D}.Debug|Any CPU.ActiveCfg = Debug|Any CPU
		{52C075C3-4064-4D81-A3F2-FA438304226D}.Debug|Any CPU.Build.0 = Debug|Any CPU
		{52C075C3-4064-4D81-A3F2-FA438304226D}.Release|Any CPU.ActiveCfg = Release|Any CPU
		{52C075C3-4064-4D81-A3F2-FA438304226D}.Release|Any CPU.Build.0 = Release|Any CPU
	EndGlobalSection
	GlobalSection(SolutionProperties) = preSolution
		HideSolutionNode = FALSE
	EndGlobalSection
	GlobalSection(ExtensibilityGlobals) = postSolution
		SolutionGuid = {F9DC18A1-81FB-481C-9552-EAC808A835B8}
	EndGlobalSection
EndGlobal
